
Microsoft Visual Studio Solution File, Format Version 12.00
# Visual Studio Version 17
VisualStudioVersion = 17.12.35514.174 d17.12
MinimumVisualStudioVersion = 10.0.40219.1
Project("{FAE04EC0-301F-11D3-BF4B-00C04F79EFBC}") = "OrganizadorSeries.Server", "OrganizadorSeries.Server\OrganizadorSeries.Server.csproj", "{F833EC48-3D3C-4F0E-A8A5-225CEC9BC748}"
EndProject
Project("{54A90642-561A-4BB1-A94E-469ADEE60C69}") = "organizadorseries.client", "organizadorseries.client\organizadorseries.client.esproj", "{4AC70ACC-9CFA-4B02-8800-A4364A7FAA8A}"
EndProject
Global
	GlobalSection(SolutionConfigurationPlatforms) = preSolution
		Debug|Any CPU = Debug|Any CPU
		Release|Any CPU = Release|Any CPU
	EndGlobalSection
	GlobalSection(ProjectConfigurationPlatforms) = postSolution
		{F833EC48-3D3C-4F0E-A8A5-225CEC9BC748}.Debug|Any CPU.ActiveCfg = Debug|Any CPU
		{F833EC48-3D3C-4F0E-A8A5-225CEC9BC748}.Debug|Any CPU.Build.0 = Debug|Any CPU
		{F833EC48-3D3C-4F0E-A8A5-225CEC9BC748}.Release|Any CPU.ActiveCfg = Release|Any CPU
		{F833EC48-3D3C-4F0E-A8A5-225CEC9BC748}.Release|Any CPU.Build.0 = Release|Any CPU
		{4AC70ACC-9CFA-4B02-8800-A4364A7FAA8A}.Debug|Any CPU.ActiveCfg = Debug|Any CPU
		{4AC70ACC-9CFA-4B02-8800-A4364A7FAA8A}.Debug|Any CPU.Build.0 = Debug|Any CPU
		{4AC70ACC-9CFA-4B02-8800-A4364A7FAA8A}.Debug|Any CPU.Deploy.0 = Debug|Any CPU
		{4AC70ACC-9CFA-4B02-8800-A4364A7FAA8A}.Release|Any CPU.ActiveCfg = Release|Any CPU
		{4AC70ACC-9CFA-4B02-8800-A4364A7FAA8A}.Release|Any CPU.Build.0 = Release|Any CPU
		{4AC70ACC-9CFA-4B02-8800-A4364A7FAA8A}.Release|Any CPU.Deploy.0 = Release|Any CPU
	EndGlobalSection
	GlobalSection(SolutionProperties) = preSolution
		HideSolutionNode = FALSE
	EndGlobalSection
EndGlobal
